
Microsoft Visual Studio Solution File, Format Version 12.00
# Visual Studio 14
VisualStudioVersion = 14.0.23107.0
MinimumVisualStudioVersion = 10.0.40219.1
Project("{FAE04EC0-301F-11D3-BF4B-00C04F79EFBC}") = "Falyze.Web", "Falyze.Web\Falyze.Web.csproj", "{0DB1C077-EBEC-40DD-BE66-9F9DCEFF3B3F}"
EndProject
Project("{FAE04EC0-301F-11D3-BF4B-00C04F79EFBC}") = "DataMigration", "DataMigration\DataMigration.csproj", "{2AEEFC82-B853-4E46-973A-CF1C25EF5C67}"
EndProject
Project("{FAE04EC0-301F-11D3-BF4B-00C04F79EFBC}") = "Falyze.Data", "Falyze.Data\Falyze.Data.csproj", "{E0152376-8486-4F0B-91CC-FDF1F516AC5C}"
EndProject
Project("{FAE04EC0-301F-11D3-BF4B-00C04F79EFBC}") = "Falyze.Statistics", "Falyze.Statistics\Falyze.Statistics.csproj", "{F2C69DCE-E1C4-4642-A097-9907F9C7C31E}"
EndProject
Project("{FAE04EC0-301F-11D3-BF4B-00C04F79EFBC}") = "Falyze.Cache", "Falyze.Cache\Falyze.Cache.csproj", "{6BDBCA78-B293-4911-881F-A72DEC3DABE9}"
EndProject
Project("{FAE04EC0-301F-11D3-BF4B-00C04F79EFBC}") = "SnakeMap", "SnakeMap\SnakeMap.csproj", "{A0737B1C-8E5D-4ECF-B54D-9D1FEAEB9C2C}"
EndProject
Project("{FAE04EC0-301F-11D3-BF4B-00C04F79EFBC}") = "Falyze.Business", "Falyze.Core\Falyze.Business.csproj", "{1900A510-3C27-4F20-8448-1E8E3084AFEC}"
EndProject
Global
	GlobalSection(SolutionConfigurationPlatforms) = preSolution
		Debug|Any CPU = Debug|Any CPU
		Release|Any CPU = Release|Any CPU
	EndGlobalSection
	GlobalSection(ProjectConfigurationPlatforms) = postSolution
		{0DB1C077-EBEC-40DD-BE66-9F9DCEFF3B3F}.Debug|Any CPU.ActiveCfg = Debug|Any CPU
		{0DB1C077-EBEC-40DD-BE66-9F9DCEFF3B3F}.Debug|Any CPU.Build.0 = Debug|Any CPU
		{0DB1C077-EBEC-40DD-BE66-9F9DCEFF3B3F}.Release|Any CPU.ActiveCfg = Release|Any CPU
		{0DB1C077-EBEC-40DD-BE66-9F9DCEFF3B3F}.Release|Any CPU.Build.0 = Release|Any CPU
		{2AEEFC82-B853-4E46-973A-CF1C25EF5C67}.Debug|Any CPU.ActiveCfg = Debug|Any CPU
		{2AEEFC82-B853-4E46-973A-CF1C25EF5C67}.Debug|Any CPU.Build.0 = Debug|Any CPU
		{2AEEFC82-B853-4E46-973A-CF1C25EF5C67}.Release|Any CPU.ActiveCfg = Release|Any CPU
		{2AEEFC82-B853-4E46-973A-CF1C25EF5C67}.Release|Any CPU.Build.0 = Release|Any CPU
		{E0152376-8486-4F0B-91CC-FDF1F516AC5C}.Debug|Any CPU.ActiveCfg = Debug|Any CPU
		{E0152376-8486-4F0B-91CC-FDF1F516AC5C}.Debug|Any CPU.Build.0 = Debug|Any CPU
		{E0152376-8486-4F0B-91CC-FDF1F516AC5C}.Release|Any CPU.ActiveCfg = Release|Any CPU
		{E0152376-8486-4F0B-91CC-FDF1F516AC5C}.Release|Any CPU.Build.0 = Release|Any CPU
		{F2C69DCE-E1C4-4642-A097-9907F9C7C31E}.Debug|Any CPU.ActiveCfg = Debug|Any CPU
		{F2C69DCE-E1C4-4642-A097-9907F9C7C31E}.Debug|Any CPU.Build.0 = Debug|Any CPU
		{F2C69DCE-E1C4-4642-A097-9907F9C7C31E}.Release|Any CPU.ActiveCfg = Release|Any CPU
		{F2C69DCE-E1C4-4642-A097-9907F9C7C31E}.Release|Any CPU.Build.0 = Release|Any CPU
		{6BDBCA78-B293-4911-881F-A72DEC3DABE9}.Debug|Any CPU.ActiveCfg = Debug|Any CPU
		{6BDBCA78-B293-4911-881F-A72DEC3DABE9}.Debug|Any CPU.Build.0 = Debug|Any CPU
		{6BDBCA78-B293-4911-881F-A72DEC3DABE9}.Release|Any CPU.ActiveCfg = Release|Any CPU
		{6BDBCA78-B293-4911-881F-A72DEC3DABE9}.Release|Any CPU.Build.0 = Release|Any CPU
		{A0737B1C-8E5D-4ECF-B54D-9D1FEAEB9C2C}.Debug|Any CPU.ActiveCfg = Debug|Any CPU
		{A0737B1C-8E5D-4ECF-B54D-9D1FEAEB9C2C}.Debug|Any CPU.Build.0 = Debug|Any CPU
		{A0737B1C-8E5D-4ECF-B54D-9D1FEAEB9C2C}.Release|Any CPU.ActiveCfg = Release|Any CPU
		{A0737B1C-8E5D-4ECF-B54D-9D1FEAEB9C2C}.Release|Any CPU.Build.0 = Release|Any CPU
		{1900A510-3C27-4F20-8448-1E8E3084AFEC}.Debug|Any CPU.ActiveCfg = Debug|Any CPU
		{1900A510-3C27-4F20-8448-1E8E3084AFEC}.Debug|Any CPU.Build.0 = Debug|Any CPU
		{1900A510-3C27-4F20-8448-1E8E3084AFEC}.Release|Any CPU.ActiveCfg = Release|Any CPU
		{1900A510-3C27-4F20-8448-1E8E3084AFEC}.Release|Any CPU.Build.0 = Release|Any CPU
	EndGlobalSection
	GlobalSection(SolutionProperties) = preSolution
		HideSolutionNode = FALSE
	EndGlobalSection
EndGlobal
